
Microsoft Visual Studio Solution File, Format Version 12.00
# Visual Studio Version 16
VisualStudioVersion = 16.0.28803.156
MinimumVisualStudioVersion = 10.0.40219.1
Project("{FAE04EC0-301F-11D3-BF4B-00C04F79EFBC}") = "WizardAdvanture", "WizardAdvanture\WizardAdvanture.csproj", "{4F7E8733-53B8-4D43-BEFB-AE5EA4B91EE0}"
EndProject
Project("{FAE04EC0-301F-11D3-BF4B-00C04F79EFBC}") = "TankSim", "TankSim\TankSim.csproj", "{F451CFBD-B30E-49CD-B16D-D588D24942F1}"
EndProject
Project("{FAE04EC0-301F-11D3-BF4B-00C04F79EFBC}") = "Destroy", "Destroy\Destroy.csproj", "{29678C39-7511-4CE8-925F-08E663872CDA}"
EndProject
Project("{FAE04EC0-301F-11D3-BF4B-00C04F79EFBC}") = "HealerSimulator", "HealerSimulator\HealerSimulator.csproj", "{F1A3EC9C-1340-4E7F-A778-63D1C687853E}"
EndProject
Project("{FAE04EC0-301F-11D3-BF4B-00C04F79EFBC}") = "DiceBattle", "DiceBattle\DiceBattle.csproj", "{1255AF3C-3D78-4F64-B5CE-113BC335DA03}"
EndProject
Global
	GlobalSection(SolutionConfigurationPlatforms) = preSolution
		Debug|Any CPU = Debug|Any CPU
		Debug|x64 = Debug|x64
		Debug|x86 = Debug|x86
		Release|Any CPU = Release|Any CPU
		Release|x64 = Release|x64
		Release|x86 = Release|x86
	EndGlobalSection
	GlobalSection(ProjectConfigurationPlatforms) = postSolution
		{4F7E8733-53B8-4D43-BEFB-AE5EA4B91EE0}.Debug|Any CPU.ActiveCfg = Debug|Any CPU
		{4F7E8733-53B8-4D43-BEFB-AE5EA4B91EE0}.Debug|Any CPU.Build.0 = Debug|Any CPU
		{4F7E8733-53B8-4D43-BEFB-AE5EA4B91EE0}.Debug|x64.ActiveCfg = Debug|Any CPU
		{4F7E8733-53B8-4D43-BEFB-AE5EA4B91EE0}.Debug|x64.Build.0 = Debug|Any CPU
		{4F7E8733-53B8-4D43-BEFB-AE5EA4B91EE0}.Debug|x86.ActiveCfg = Debug|Any CPU
		{4F7E8733-53B8-4D43-BEFB-AE5EA4B91EE0}.Debug|x86.Build.0 = Debug|Any CPU
		{4F7E8733-53B8-4D43-BEFB-AE5EA4B91EE0}.Release|Any CPU.ActiveCfg = Release|Any CPU
		{4F7E8733-53B8-4D43-BEFB-AE5EA4B91EE0}.Release|Any CPU.Build.0 = Release|Any CPU
		{4F7E8733-53B8-4D43-BEFB-AE5EA4B91EE0}.Release|x64.ActiveCfg = Release|Any CPU
		{4F7E8733-53B8-4D43-BEFB-AE5EA4B91EE0}.Release|x64.Build.0 = Release|Any CPU
		{4F7E8733-53B8-4D43-BEFB-AE5EA4B91EE0}.Release|x86.ActiveCfg = Release|Any CPU
		{4F7E8733-53B8-4D43-BEFB-AE5EA4B91EE0}.Release|x86.Build.0 = Release|Any CPU
		{F451CFBD-B30E-49CD-B16D-D588D24942F1}.Debug|Any CPU.ActiveCfg = Debug|Any CPU
		{F451CFBD-B30E-49CD-B16D-D588D24942F1}.Debug|Any CPU.Build.0 = Debug|Any CPU
		{F451CFBD-B30E-49CD-B16D-D588D24942F1}.Debug|x64.ActiveCfg = Debug|Any CPU
		{F451CFBD-B30E-49CD-B16D-D588D24942F1}.Debug|x64.Build.0 = Debug|Any CPU
		{F451CFBD-B30E-49CD-B16D-D588D24942F1}.Debug|x86.ActiveCfg = Debug|Any CPU
		{F451CFBD-B30E-49CD-B16D-D588D24942F1}.Debug|x86.Build.0 = Debug|Any CPU
		{F451CFBD-B30E-49CD-B16D-D588D24942F1}.Release|Any CPU.ActiveCfg = Release|Any CPU
		{F451CFBD-B30E-49CD-B16D-D588D24942F1}.Release|Any CPU.Build.0 = Release|Any CPU
		{F451CFBD-B30E-49CD-B16D-D588D24942F1}.Release|x64.ActiveCfg = Release|Any CPU
		{F451CFBD-B30E-49CD-B16D-D588D24942F1}.Release|x64.Build.0 = Release|Any CPU
		{F451CFBD-B30E-49CD-B16D-D588D24942F1}.Release|x86.ActiveCfg = Release|Any CPU
		{F451CFBD-B30E-49CD-B16D-D588D24942F1}.Release|x86.Build.0 = Release|Any CPU
		{29678C39-7511-4CE8-925F-08E663872CDA}.Debug|Any CPU.ActiveCfg = Debug|Any CPU
		{29678C39-7511-4CE8-925F-08E663872CDA}.Debug|Any CPU.Build.0 = Debug|Any CPU
		{29678C39-7511-4CE8-925F-08E663872CDA}.Debug|x64.ActiveCfg = Debug|Any CPU
		{29678C39-7511-4CE8-925F-08E663872CDA}.Debug|x64.Build.0 = Debug|Any CPU
		{29678C39-7511-4CE8-925F-08E663872CDA}.Debug|x86.ActiveCfg = Debug|Any CPU
		{29678C39-7511-4CE8-925F-08E663872CDA}.Debug|x86.Build.0 = Debug|Any CPU
		{29678C39-7511-4CE8-925F-08E663872CDA}.Release|Any CPU.ActiveCfg = Release|Any CPU
		{29678C39-7511-4CE8-925F-08E663872CDA}.Release|Any CPU.Build.0 = Release|Any CPU
		{29678C39-7511-4CE8-925F-08E663872CDA}.Release|x64.ActiveCfg = Release|Any CPU
		{29678C39-7511-4CE8-925F-08E663872CDA}.Release|x64.Build.0 = Release|Any CPU
		{29678C39-7511-4CE8-925F-08E663872CDA}.Release|x86.ActiveCfg = Release|Any CPU
		{29678C39-7511-4CE8-925F-08E663872CDA}.Release|x86.Build.0 = Release|Any CPU
		{F1A3EC9C-1340-4E7F-A778-63D1C687853E}.Debug|Any CPU.ActiveCfg = Debug|Any CPU
		{F1A3EC9C-1340-4E7F-A778-63D1C687853E}.Debug|Any CPU.Build.0 = Debug|Any CPU
		{F1A3EC9C-1340-4E7F-A778-63D1C687853E}.Debug|x64.ActiveCfg = Debug|Any CPU
		{F1A3EC9C-1340-4E7F-A778-63D1C687853E}.Debug|x64.Build.0 = Debug|Any CPU
		{F1A3EC9C-1340-4E7F-A778-63D1C687853E}.Debug|x86.ActiveCfg = Debug|Any CPU
		{F1A3EC9C-1340-4E7F-A778-63D1C687853E}.Debug|x86.Build.0 = Debug|Any CPU
		{F1A3EC9C-1340-4E7F-A778-63D1C687853E}.Release|Any CPU.ActiveCfg = Release|Any CPU
		{F1A3EC9C-1340-4E7F-A778-63D1C687853E}.Release|Any CPU.Build.0 = Release|Any CPU
		{F1A3EC9C-1340-4E7F-A778-63D1C687853E}.Release|x64.ActiveCfg = Release|Any CPU
		{F1A3EC9C-1340-4E7F-A778-63D1C687853E}.Release|x64.Build.0 = Release|Any CPU
		{F1A3EC9C-1340-4E7F-A778-63D1C687853E}.Release|x86.ActiveCfg = Release|Any CPU
		{F1A3EC9C-1340-4E7F-A778-63D1C687853E}.Release|x86.Build.0 = Release|Any CPU
		{1255AF3C-3D78-4F64-B5CE-113BC335DA03}.Debug|Any CPU.ActiveCfg = Debug|Any CPU
		{1255AF3C-3D78-4F64-B5CE-113BC335DA03}.Debug|Any CPU.Build.0 = Debug|Any CPU
		{1255AF3C-3D78-4F64-B5CE-113BC335DA03}.Debug|x64.ActiveCfg = Debug|Any CPU
		{1255AF3C-3D78-4F64-B5CE-113BC335DA03}.Debug|x64.Build.0 = Debug|Any CPU
		{1255AF3C-3D78-4F64-B5CE-113BC335DA03}.Debug|x86.ActiveCfg = Debug|Any CPU
		{1255AF3C-3D78-4F64-B5CE-113BC335DA03}.Debug|x86.Build.0 = Debug|Any CPU
		{1255AF3C-3D78-4F64-B5CE-113BC335DA03}.Release|Any CPU.ActiveCfg = Release|Any CPU
		{1255AF3C-3D78-4F64-B5CE-113BC335DA03}.Release|Any CPU.Build.0 = Release|Any CPU
		{1255AF3C-3D78-4F64-B5CE-113BC335DA03}.Release|x64.ActiveCfg = Release|Any CPU
		{1255AF3C-3D78-4F64-B5CE-113BC335DA03}.Release|x64.Build.0 = Release|Any CPU
		{1255AF3C-3D78-4F64-B5CE-113BC335DA03}.Release|x86.ActiveCfg = Release|Any CPU
		{1255AF3C-3D78-4F64-B5CE-113BC335DA03}.Release|x86.Build.0 = Release|Any CPU
	EndGlobalSection
	GlobalSection(SolutionProperties) = preSolution
		HideSolutionNode = FALSE
	EndGlobalSection
	GlobalSection(ExtensibilityGlobals) = postSolution
		SolutionGuid = {69AA6969-A6DD-4548-AE25-C003F144C53F}
	EndGlobalSection
EndGlobal
