
Microsoft Visual Studio Solution File, Format Version 12.00
# Visual Studio 15
VisualStudioVersion = 15.0.28010.2036
MinimumVisualStudioVersion = 10.0.40219.1
Project("{FAE04EC0-301F-11D3-BF4B-00C04F79EFBC}") = "Destroy", "Destroy\Destroy.csproj", "{29678C39-7511-4CE8-925F-08E663872CDA}"
EndProject
Project("{FAE04EC0-301F-11D3-BF4B-00C04F79EFBC}") = "DestroyNetwork", "DestroyNetwork\DestroyNetwork.csproj", "{F38BE8B9-7CF1-47EC-9884-61BA983B6821}"
EndProject
Project("{FAE04EC0-301F-11D3-BF4B-00C04F79EFBC}") = "DestroyExample", "DestroyExample\DestroyExample.csproj", "{3C728BFB-5F20-48C8-940C-C3AD5A4B87B0}"
EndProject
Global
	GlobalSection(SolutionConfigurationPlatforms) = preSolution
		Debug|Any CPU = Debug|Any CPU
		Debug|x64 = Debug|x64
		Debug|x86 = Debug|x86
		Release|Any CPU = Release|Any CPU
		Release|x64 = Release|x64
		Release|x86 = Release|x86
	EndGlobalSection
	GlobalSection(ProjectConfigurationPlatforms) = postSolution
		{29678C39-7511-4CE8-925F-08E663872CDA}.Debug|Any CPU.ActiveCfg = Debug|Any CPU
		{29678C39-7511-4CE8-925F-08E663872CDA}.Debug|Any CPU.Build.0 = Debug|Any CPU
		{29678C39-7511-4CE8-925F-08E663872CDA}.Debug|x64.ActiveCfg = Debug|Any CPU
		{29678C39-7511-4CE8-925F-08E663872CDA}.Debug|x64.Build.0 = Debug|Any CPU
		{29678C39-7511-4CE8-925F-08E663872CDA}.Debug|x86.ActiveCfg = Debug|Any CPU
		{29678C39-7511-4CE8-925F-08E663872CDA}.Debug|x86.Build.0 = Debug|Any CPU
		{29678C39-7511-4CE8-925F-08E663872CDA}.Release|Any CPU.ActiveCfg = Release|Any CPU
		{29678C39-7511-4CE8-925F-08E663872CDA}.Release|Any CPU.Build.0 = Release|Any CPU
		{29678C39-7511-4CE8-925F-08E663872CDA}.Release|x64.ActiveCfg = Release|Any CPU
		{29678C39-7511-4CE8-925F-08E663872CDA}.Release|x64.Build.0 = Release|Any CPU
		{29678C39-7511-4CE8-925F-08E663872CDA}.Release|x86.ActiveCfg = Release|Any CPU
		{29678C39-7511-4CE8-925F-08E663872CDA}.Release|x86.Build.0 = Release|Any CPU
		{F38BE8B9-7CF1-47EC-9884-61BA983B6821}.Debug|Any CPU.ActiveCfg = Debug|Any CPU
		{F38BE8B9-7CF1-47EC-9884-61BA983B6821}.Debug|Any CPU.Build.0 = Debug|Any CPU
		{F38BE8B9-7CF1-47EC-9884-61BA983B6821}.Debug|x64.ActiveCfg = Debug|Any CPU
		{F38BE8B9-7CF1-47EC-9884-61BA983B6821}.Debug|x64.Build.0 = Debug|Any CPU
		{F38BE8B9-7CF1-47EC-9884-61BA983B6821}.Debug|x86.ActiveCfg = Debug|Any CPU
		{F38BE8B9-7CF1-47EC-9884-61BA983B6821}.Debug|x86.Build.0 = Debug|Any CPU
		{F38BE8B9-7CF1-47EC-9884-61BA983B6821}.Release|Any CPU.ActiveCfg = Release|Any CPU
		{F38BE8B9-7CF1-47EC-9884-61BA983B6821}.Release|Any CPU.Build.0 = Release|Any CPU
		{F38BE8B9-7CF1-47EC-9884-61BA983B6821}.Release|x64.ActiveCfg = Release|Any CPU
		{F38BE8B9-7CF1-47EC-9884-61BA983B6821}.Release|x64.Build.0 = Release|Any CPU
		{F38BE8B9-7CF1-47EC-9884-61BA983B6821}.Release|x86.ActiveCfg = Release|Any CPU
		{F38BE8B9-7CF1-47EC-9884-61BA983B6821}.Release|x86.Build.0 = Release|Any CPU
		{3C728BFB-5F20-48C8-940C-C3AD5A4B87B0}.Debug|Any CPU.ActiveCfg = Debug|Any CPU
		{3C728BFB-5F20-48C8-940C-C3AD5A4B87B0}.Debug|Any CPU.Build.0 = Debug|Any CPU
		{3C728BFB-5F20-48C8-940C-C3AD5A4B87B0}.Debug|x64.ActiveCfg = Debug|Any CPU
		{3C728BFB-5F20-48C8-940C-C3AD5A4B87B0}.Debug|x64.Build.0 = Debug|Any CPU
		{3C728BFB-5F20-48C8-940C-C3AD5A4B87B0}.Debug|x86.ActiveCfg = Debug|Any CPU
		{3C728BFB-5F20-48C8-940C-C3AD5A4B87B0}.Debug|x86.Build.0 = Debug|Any CPU
		{3C728BFB-5F20-48C8-940C-C3AD5A4B87B0}.Release|Any CPU.ActiveCfg = Release|Any CPU
		{3C728BFB-5F20-48C8-940C-C3AD5A4B87B0}.Release|Any CPU.Build.0 = Release|Any CPU
		{3C728BFB-5F20-48C8-940C-C3AD5A4B87B0}.Release|x64.ActiveCfg = Release|Any CPU
		{3C728BFB-5F20-48C8-940C-C3AD5A4B87B0}.Release|x64.Build.0 = Release|Any CPU
		{3C728BFB-5F20-48C8-940C-C3AD5A4B87B0}.Release|x86.ActiveCfg = Release|Any CPU
		{3C728BFB-5F20-48C8-940C-C3AD5A4B87B0}.Release|x86.Build.0 = Release|Any CPU
	EndGlobalSection
	GlobalSection(SolutionProperties) = preSolution
		HideSolutionNode = FALSE
	EndGlobalSection
	GlobalSection(ExtensibilityGlobals) = postSolution
		SolutionGuid = {D1615134-280A-499B-91E2-C5A774A91E2F}
	EndGlobalSection
EndGlobal
